
Microsoft Visual Studio Solution File, Format Version 12.00
# Visual Studio Version 17
VisualStudioVersion = 17.14.36623.8
MinimumVisualStudioVersion = 10.0.40219.1
Project("{FAE04EC0-301F-11D3-BF4B-00C04F79EFBC}") = "Biblioteca.Modelos", "Biblioteca.Modelos\Biblioteca.Modelos.csproj", "{7CB6EAC4-B032-4406-952B-0A65E2518C4C}"
EndProject
Project("{FAE04EC0-301F-11D3-BF4B-00C04F79EFBC}") = "Biblioteca.Api", "Biblioteca.Api\Biblioteca.Api.csproj", "{D931B595-6B71-4B55-B6B7-ABAA577144EF}"
EndProject
Project("{FAE04EC0-301F-11D3-BF4B-00C04F79EFBC}") = "Api.Test.Biblioteca", "Api.Test.Biblioteca\Api.Test.Biblioteca.csproj", "{29EA0CE0-CA55-47CB-A487-B76D5B5DE8EA}"
EndProject
Global
	GlobalSection(SolutionConfigurationPlatforms) = preSolution
		Debug|Any CPU = Debug|Any CPU
		Release|Any CPU = Release|Any CPU
	EndGlobalSection
	GlobalSection(ProjectConfigurationPlatforms) = postSolution
		{7CB6EAC4-B032-4406-952B-0A65E2518C4C}.Debug|Any CPU.ActiveCfg = Debug|Any CPU
		{7CB6EAC4-B032-4406-952B-0A65E2518C4C}.Debug|Any CPU.Build.0 = Debug|Any CPU
		{7CB6EAC4-B032-4406-952B-0A65E2518C4C}.Release|Any CPU.ActiveCfg = Release|Any CPU
		{7CB6EAC4-B032-4406-952B-0A65E2518C4C}.Release|Any CPU.Build.0 = Release|Any CPU
		{D931B595-6B71-4B55-B6B7-ABAA577144EF}.Debug|Any CPU.ActiveCfg = Debug|Any CPU
		{D931B595-6B71-4B55-B6B7-ABAA577144EF}.Debug|Any CPU.Build.0 = Debug|Any CPU
		{D931B595-6B71-4B55-B6B7-ABAA577144EF}.Release|Any CPU.ActiveCfg = Release|Any CPU
		{D931B595-6B71-4B55-B6B7-ABAA577144EF}.Release|Any CPU.Build.0 = Release|Any CPU
		{29EA0CE0-CA55-47CB-A487-B76D5B5DE8EA}.Debug|Any CPU.ActiveCfg = Debug|Any CPU
		{29EA0CE0-CA55-47CB-A487-B76D5B5DE8EA}.Debug|Any CPU.Build.0 = Debug|Any CPU
		{29EA0CE0-CA55-47CB-A487-B76D5B5DE8EA}.Release|Any CPU.ActiveCfg = Release|Any CPU
		{29EA0CE0-CA55-47CB-A487-B76D5B5DE8EA}.Release|Any CPU.Build.0 = Release|Any CPU
	EndGlobalSection
	GlobalSection(SolutionProperties) = preSolution
		HideSolutionNode = FALSE
	EndGlobalSection
	GlobalSection(ExtensibilityGlobals) = postSolution
		SolutionGuid = {0DE8BB69-660C-4819-936E-9F5ADA1B1D13}
	EndGlobalSection
EndGlobal
